
Microsoft Visual Studio Solution File, Format Version 12.00
# Visual Studio Version 16
VisualStudioVersion = 16.0.30104.148
MinimumVisualStudioVersion = 10.0.40219.1
Project("{2150E333-8FDC-42A3-9474-1A3956D46DE8}") = "Application", "Application", "{178821AB-26FD-4AE4-AE09-666CB55C9585}"
EndProject
Project("{2150E333-8FDC-42A3-9474-1A3956D46DE8}") = "Domain", "Domain", "{B6269F41-137C-40EB-BD92-992B8A5CE0AB}"
EndProject
Project("{2150E333-8FDC-42A3-9474-1A3956D46DE8}") = "Infra.Data", "Infra.Data", "{3A1A7FE1-41D0-4538-8717-046BCCF0695B}"
EndProject
Project("{2150E333-8FDC-42A3-9474-1A3956D46DE8}") = "Infra.IoC", "Infra.IoC", "{B3207247-EEB4-46B0-915D-8DFB5B9C71F0}"
EndProject
Project("{2150E333-8FDC-42A3-9474-1A3956D46DE8}") = "Presentation", "Presentation", "{CDB86129-5C51-4453-9814-6FF075522895}"
EndProject
Project("{9A19103F-16F7-4668-BE54-9A1E7A4F7556}") = "CleanArch.Mvc", "CleanArch.Mvc\CleanArch.Mvc.csproj", "{AA34F551-F054-4AB1-9944-CC35AE157EB3}"
EndProject
Project("{9A19103F-16F7-4668-BE54-9A1E7A4F7556}") = "CleanArch.Domain", "CleanArch.Domain\CleanArch.Domain.csproj", "{13905028-C652-46BC-AA0D-84032358B8A8}"
EndProject
Project("{9A19103F-16F7-4668-BE54-9A1E7A4F7556}") = "CleanArch.Infra.Data", "CleanArch.Infra.Data\CleanArch.Infra.Data.csproj", "{72F65AFB-38AB-4AB2-80F6-872924B302B2}"
EndProject
Project("{FAE04EC0-301F-11D3-BF4B-00C04F79EFBC}") = "CleanArch.Application", "CleanArch.Application\CleanArch.Application.csproj", "{038CC06D-55BC-4352-AAD3-874422D74B23}"
EndProject
Project("{FAE04EC0-301F-11D3-BF4B-00C04F79EFBC}") = "CleanArch.Infra.IoC", "CleanArch.Infra.IoC\CleanArch.Infra.IoC.csproj", "{ED7DFA47-361C-4EBB-82B7-624A9335CB2C}"
EndProject
Global
	GlobalSection(SolutionConfigurationPlatforms) = preSolution
		Debug|Any CPU = Debug|Any CPU
		Release|Any CPU = Release|Any CPU
	EndGlobalSection
	GlobalSection(ProjectConfigurationPlatforms) = postSolution
		{AA34F551-F054-4AB1-9944-CC35AE157EB3}.Debug|Any CPU.ActiveCfg = Debug|Any CPU
		{AA34F551-F054-4AB1-9944-CC35AE157EB3}.Debug|Any CPU.Build.0 = Debug|Any CPU
		{AA34F551-F054-4AB1-9944-CC35AE157EB3}.Release|Any CPU.ActiveCfg = Release|Any CPU
		{AA34F551-F054-4AB1-9944-CC35AE157EB3}.Release|Any CPU.Build.0 = Release|Any CPU
		{13905028-C652-46BC-AA0D-84032358B8A8}.Debug|Any CPU.ActiveCfg = Debug|Any CPU
		{13905028-C652-46BC-AA0D-84032358B8A8}.Debug|Any CPU.Build.0 = Debug|Any CPU
		{13905028-C652-46BC-AA0D-84032358B8A8}.Release|Any CPU.ActiveCfg = Release|Any CPU
		{13905028-C652-46BC-AA0D-84032358B8A8}.Release|Any CPU.Build.0 = Release|Any CPU
		{72F65AFB-38AB-4AB2-80F6-872924B302B2}.Debug|Any CPU.ActiveCfg = Debug|Any CPU
		{72F65AFB-38AB-4AB2-80F6-872924B302B2}.Debug|Any CPU.Build.0 = Debug|Any CPU
		{72F65AFB-38AB-4AB2-80F6-872924B302B2}.Release|Any CPU.ActiveCfg = Release|Any CPU
		{72F65AFB-38AB-4AB2-80F6-872924B302B2}.Release|Any CPU.Build.0 = Release|Any CPU
		{038CC06D-55BC-4352-AAD3-874422D74B23}.Debug|Any CPU.ActiveCfg = Debug|Any CPU
		{038CC06D-55BC-4352-AAD3-874422D74B23}.Debug|Any CPU.Build.0 = Debug|Any CPU
		{038CC06D-55BC-4352-AAD3-874422D74B23}.Release|Any CPU.ActiveCfg = Release|Any CPU
		{038CC06D-55BC-4352-AAD3-874422D74B23}.Release|Any CPU.Build.0 = Release|Any CPU
		{ED7DFA47-361C-4EBB-82B7-624A9335CB2C}.Debug|Any CPU.ActiveCfg = Debug|Any CPU
		{ED7DFA47-361C-4EBB-82B7-624A9335CB2C}.Debug|Any CPU.Build.0 = Debug|Any CPU
		{ED7DFA47-361C-4EBB-82B7-624A9335CB2C}.Release|Any CPU.ActiveCfg = Release|Any CPU
		{ED7DFA47-361C-4EBB-82B7-624A9335CB2C}.Release|Any CPU.Build.0 = Release|Any CPU
	EndGlobalSection
	GlobalSection(SolutionProperties) = preSolution
		HideSolutionNode = FALSE
	EndGlobalSection
	GlobalSection(NestedProjects) = preSolution
		{AA34F551-F054-4AB1-9944-CC35AE157EB3} = {CDB86129-5C51-4453-9814-6FF075522895}
		{13905028-C652-46BC-AA0D-84032358B8A8} = {B6269F41-137C-40EB-BD92-992B8A5CE0AB}
		{72F65AFB-38AB-4AB2-80F6-872924B302B2} = {3A1A7FE1-41D0-4538-8717-046BCCF0695B}
		{038CC06D-55BC-4352-AAD3-874422D74B23} = {178821AB-26FD-4AE4-AE09-666CB55C9585}
		{ED7DFA47-361C-4EBB-82B7-624A9335CB2C} = {B3207247-EEB4-46B0-915D-8DFB5B9C71F0}
	EndGlobalSection
	GlobalSection(ExtensibilityGlobals) = postSolution
		SolutionGuid = {7636436E-5341-45DC-A1A6-09782F1DB239}
	EndGlobalSection
EndGlobal
